
Microsoft Visual Studio Solution File, Format Version 12.00
# Visual Studio Version 17
VisualStudioVersion = 17.5.002.0
MinimumVisualStudioVersion = 10.0.40219.1
Project("{9A19103F-16F7-4668-BE54-9A1E7A4F7556}") = "crudDapper", "crudDapper.csproj", "{BDDE8E2B-F142-4945-A628-99CBE36A8BE1}"
EndProject
Global
	GlobalSection(SolutionConfigurationPlatforms) = preSolution
		Debug|Any CPU = Debug|Any CPU
		Release|Any CPU = Release|Any CPU
	EndGlobalSection
	GlobalSection(ProjectConfigurationPlatforms) = postSolution
		{BDDE8E2B-F142-4945-A628-99CBE36A8BE1}.Debug|Any CPU.ActiveCfg = Debug|Any CPU
		{BDDE8E2B-F142-4945-A628-99CBE36A8BE1}.Debug|Any CPU.Build.0 = Debug|Any CPU
		{BDDE8E2B-F142-4945-A628-99CBE36A8BE1}.Release|Any CPU.ActiveCfg = Release|Any CPU
		{BDDE8E2B-F142-4945-A628-99CBE36A8BE1}.Release|Any CPU.Build.0 = Release|Any CPU
	EndGlobalSection
	GlobalSection(SolutionProperties) = preSolution
		HideSolutionNode = FALSE
	EndGlobalSection
	GlobalSection(ExtensibilityGlobals) = postSolution
		SolutionGuid = {672A69B9-4DF1-42F8-9900-C8ECE420B796}
	EndGlobalSection
EndGlobal
